// !$*UTF8*$!
{
	archiveVersion = 1;
	classes = {
	};
	objectVersion = 50;
	objects = {

/* Begin PBXBuildFile section */
		058557BB273AAA24004C7B11 /* Assets.xcassets in Resources */ = {isa = PBXBuildFile; fileRef = 058557BA273AAA24004C7B11 /* Assets.xcassets */; };
		058557D9273AAEEB004C7B11 /* Preview Assets.xcassets in Resources */ = {isa = PBXBuildFile; fileRef = 058557D8273AAEEB004C7B11 /* Preview Assets.xcassets */; };
		2152FB042600AC8F00CF470E /* iOSApp.swift in Sources */ = {isa = PBXBuildFile; fileRef = 2152FB032600AC8F00CF470E /* iOSApp.swift */; };
		5D61B85DBA3C35BD19BE28FA /* Pods_CoffeeBeenIOS.framework in Frameworks */ = {isa = PBXBuildFile; fileRef = 1DAEC35977FC788D7B054442 /* Pods_CoffeeBeenIOS.framework */; };
		6E2C41322929630E00D0C504 /* EmailScreenViewModel.swift in Sources */ = {isa = PBXBuildFile; fileRef = 6E2C41312929630E00D0C504 /* EmailScreenViewModel.swift */; };
		6E2C4136292963CC00D0C504 /* RegistrationModel+Extension.swift in Sources */ = {isa = PBXBuildFile; fileRef = 6E2C4135292963CC00D0C504 /* RegistrationModel+Extension.swift */; };
		6E2C4139292967FF00D0C504 /* HiddenIfModifier+Extension.swift in Sources */ = {isa = PBXBuildFile; fileRef = 6E2C4138292967FF00D0C504 /* HiddenIfModifier+Extension.swift */; };
		6E7BBD5529292B9900652417 /* NameScreenView.swift in Sources */ = {isa = PBXBuildFile; fileRef = 6E7BBD5429292B9900652417 /* NameScreenView.swift */; };
		6E7BBD5829292BC700652417 /* RegistrationHeaderView.swift in Sources */ = {isa = PBXBuildFile; fileRef = 6E7BBD5729292BC700652417 /* RegistrationHeaderView.swift */; };
		6E7BBD5A2929355900652417 /* TextInputField.swift in Sources */ = {isa = PBXBuildFile; fileRef = 6E7BBD592929355900652417 /* TextInputField.swift */; };
		6E7BBD5C2929394400652417 /* EmailScreenView.swift in Sources */ = {isa = PBXBuildFile; fileRef = 6E7BBD5B2929394400652417 /* EmailScreenView.swift */; };
		6E7BBD5E29293C1100652417 /* PasswordScreenView.swift in Sources */ = {isa = PBXBuildFile; fileRef = 6E7BBD5D29293C1100652417 /* PasswordScreenView.swift */; };
		6E7BBD6029293D4700652417 /* PasswordTextInputField.swift in Sources */ = {isa = PBXBuildFile; fileRef = 6E7BBD5F29293D4700652417 /* PasswordTextInputField.swift */; };
		6E7BBD6229293EF300652417 /* OTPVerificationScreenView.swift in Sources */ = {isa = PBXBuildFile; fileRef = 6E7BBD6129293EF300652417 /* OTPVerificationScreenView.swift */; };
/* End PBXBuildFile section */

/* Begin PBXFileReference section */
		058557BA273AAA24004C7B11 /* Assets.xcassets */ = {isa = PBXFileReference; lastKnownFileType = folder.assetcatalog; path = Assets.xcassets; sourceTree = "<group>"; };
		058557D8273AAEEB004C7B11 /* Preview Assets.xcassets */ = {isa = PBXFileReference; lastKnownFileType = folder.assetcatalog; path = "Preview Assets.xcassets"; sourceTree = "<group>"; };
		1DAEC35977FC788D7B054442 /* Pods_CoffeeBeenIOS.framework */ = {isa = PBXFileReference; explicitFileType = wrapper.framework; includeInIndex = 0; path = Pods_CoffeeBeenIOS.framework; sourceTree = BUILT_PRODUCTS_DIR; };
		2152FB032600AC8F00CF470E /* iOSApp.swift */ = {isa = PBXFileReference; lastKnownFileType = sourcecode.swift; path = iOSApp.swift; sourceTree = "<group>"; };
		5A5D1451F1DC14B14072654A /* Pods-CoffeeBeenIOS.debug.xcconfig */ = {isa = PBXFileReference; includeInIndex = 1; lastKnownFileType = text.xcconfig; name = "Pods-CoffeeBeenIOS.debug.xcconfig"; path = "Target Support Files/Pods-CoffeeBeenIOS/Pods-CoffeeBeenIOS.debug.xcconfig"; sourceTree = "<group>"; };
		67CB153969AD061B2D66F2A4 /* Pods-CoffeeBeenIOS.release.xcconfig */ = {isa = PBXFileReference; includeInIndex = 1; lastKnownFileType = text.xcconfig; name = "Pods-CoffeeBeenIOS.release.xcconfig"; path = "Target Support Files/Pods-CoffeeBeenIOS/Pods-CoffeeBeenIOS.release.xcconfig"; sourceTree = "<group>"; };
		6E2C41312929630E00D0C504 /* EmailScreenViewModel.swift */ = {isa = PBXFileReference; lastKnownFileType = sourcecode.swift; path = EmailScreenViewModel.swift; sourceTree = "<group>"; };
		6E2C4135292963CC00D0C504 /* RegistrationModel+Extension.swift */ = {isa = PBXFileReference; lastKnownFileType = sourcecode.swift; path = "RegistrationModel+Extension.swift"; sourceTree = "<group>"; };
		6E2C4138292967FF00D0C504 /* HiddenIfModifier+Extension.swift */ = {isa = PBXFileReference; lastKnownFileType = sourcecode.swift; path = "HiddenIfModifier+Extension.swift"; sourceTree = "<group>"; };
		6E7BBD5429292B9900652417 /* NameScreenView.swift */ = {isa = PBXFileReference; lastKnownFileType = sourcecode.swift; path = NameScreenView.swift; sourceTree = "<group>"; };
		6E7BBD5729292BC700652417 /* RegistrationHeaderView.swift */ = {isa = PBXFileReference; lastKnownFileType = sourcecode.swift; path = RegistrationHeaderView.swift; sourceTree = "<group>"; };
		6E7BBD592929355900652417 /* TextInputField.swift */ = {isa = PBXFileReference; lastKnownFileType = sourcecode.swift; path = TextInputField.swift; sourceTree = "<group>"; };
		6E7BBD5B2929394400652417 /* EmailScreenView.swift */ = {isa = PBXFileReference; lastKnownFileType = sourcecode.swift; path = EmailScreenView.swift; sourceTree = "<group>"; };
		6E7BBD5D29293C1100652417 /* PasswordScreenView.swift */ = {isa = PBXFileReference; lastKnownFileType = sourcecode.swift; path = PasswordScreenView.swift; sourceTree = "<group>"; };
		6E7BBD5F29293D4700652417 /* PasswordTextInputField.swift */ = {isa = PBXFileReference; lastKnownFileType = sourcecode.swift; path = PasswordTextInputField.swift; sourceTree = "<group>"; };
		6E7BBD6129293EF300652417 /* OTPVerificationScreenView.swift */ = {isa = PBXFileReference; lastKnownFileType = sourcecode.swift; path = OTPVerificationScreenView.swift; sourceTree = "<group>"; };
		7555FF7B242A565900829871 /* CoffeeBeenIOS.app */ = {isa = PBXFileReference; explicitFileType = wrapper.application; includeInIndex = 0; path = CoffeeBeenIOS.app; sourceTree = BUILT_PRODUCTS_DIR; };
		7555FF8C242A565B00829871 /* Info.plist */ = {isa = PBXFileReference; lastKnownFileType = text.plist.xml; path = Info.plist; sourceTree = "<group>"; };
/* End PBXFileReference section */

/* Begin PBXFrameworksBuildPhase section */
		6012BED6D5E0119772E32379 /* Frameworks */ = {
			isa = PBXFrameworksBuildPhase;
			buildActionMask = 2147483647;
			files = (
				5D61B85DBA3C35BD19BE28FA /* Pods_CoffeeBeenIOS.framework in Frameworks */,
			);
			runOnlyForDeploymentPostprocessing = 0;
		};
/* End PBXFrameworksBuildPhase section */

/* Begin PBXGroup section */
		058557D7273AAEEB004C7B11 /* Preview Content */ = {
			isa = PBXGroup;
			children = (
				058557D8273AAEEB004C7B11 /* Preview Assets.xcassets */,
			);
			path = "Preview Content";
			sourceTree = "<group>";
		};
		4376BDF0BA7C5D61CC04E3A8 /* Pods */ = {
			isa = PBXGroup;
			children = (
				5A5D1451F1DC14B14072654A /* Pods-CoffeeBeenIOS.debug.xcconfig */,
				67CB153969AD061B2D66F2A4 /* Pods-CoffeeBeenIOS.release.xcconfig */,
			);
			path = Pods;
			sourceTree = "<group>";
		};
		6E2C4130292962E700D0C504 /* email+username */ = {
			isa = PBXGroup;
			children = (
				6E7BBD5B2929394400652417 /* EmailScreenView.swift */,
				6E2C41312929630E00D0C504 /* EmailScreenViewModel.swift */,
			);
			path = "email+username";
			sourceTree = "<group>";
		};
		6E2C41332929639A00D0C504 /* model */ = {
			isa = PBXGroup;
			children = (
				6E2C4134292963AA00D0C504 /* authentication */,
			);
			path = model;
			sourceTree = "<group>";
		};
		6E2C4134292963AA00D0C504 /* authentication */ = {
			isa = PBXGroup;
			children = (
				6E2C4135292963CC00D0C504 /* RegistrationModel+Extension.swift */,
			);
			path = authentication;
			sourceTree = "<group>";
		};
		6E2C4137292967E400D0C504 /* modifier */ = {
			isa = PBXGroup;
			children = (
				6E2C4138292967FF00D0C504 /* HiddenIfModifier+Extension.swift */,
			);
			path = modifier;
			sourceTree = "<group>";
		};
		6E7BBD5329292B7D00652417 /* screens */ = {
			isa = PBXGroup;
			children = (
				6E2C4130292962E700D0C504 /* email+username */,
				6E7BBD5429292B9900652417 /* NameScreenView.swift */,
				6E7BBD5D29293C1100652417 /* PasswordScreenView.swift */,
				6E7BBD6129293EF300652417 /* OTPVerificationScreenView.swift */,
			);
			path = screens;
			sourceTree = "<group>";
		};
		6E7BBD5629292BA300652417 /* widgets */ = {
			isa = PBXGroup;
			children = (
				6E7BBD5729292BC700652417 /* RegistrationHeaderView.swift */,
				6E7BBD592929355900652417 /* TextInputField.swift */,
				6E7BBD5F29293D4700652417 /* PasswordTextInputField.swift */,
			);
			path = widgets;
			sourceTree = "<group>";
		};
		7555FF72242A565900829871 = {
			isa = PBXGroup;
			children = (
				7555FF7D242A565900829871 /* CoffeeBeenIOS */,
				7555FF7C242A565900829871 /* Products */,
				4376BDF0BA7C5D61CC04E3A8 /* Pods */,
				783F2BF9B078BD30C9DFD92F /* Frameworks */,
			);
			sourceTree = "<group>";
		};
		7555FF7C242A565900829871 /* Products */ = {
			isa = PBXGroup;
			children = (
				7555FF7B242A565900829871 /* CoffeeBeenIOS.app */,
			);
			name = Products;
			sourceTree = "<group>";
		};
		7555FF7D242A565900829871 /* CoffeeBeenIOS */ = {
			isa = PBXGroup;
			children = (
				6E2C4137292967E400D0C504 /* modifier */,
				6E2C41332929639A00D0C504 /* model */,
				6E7BBD5629292BA300652417 /* widgets */,
				6E7BBD5329292B7D00652417 /* screens */,
				058557BA273AAA24004C7B11 /* Assets.xcassets */,
				7555FF8C242A565B00829871 /* Info.plist */,
				2152FB032600AC8F00CF470E /* iOSApp.swift */,
				058557D7273AAEEB004C7B11 /* Preview Content */,
			);
			path = CoffeeBeenIOS;
			sourceTree = "<group>";
		};
		783F2BF9B078BD30C9DFD92F /* Frameworks */ = {
			isa = PBXGroup;
			children = (
				1DAEC35977FC788D7B054442 /* Pods_CoffeeBeenIOS.framework */,
			);
			name = Frameworks;
			sourceTree = "<group>";
		};
/* End PBXGroup section */

/* Begin PBXNativeTarget section */
		7555FF7A242A565900829871 /* CoffeeBeenIOS */ = {
			isa = PBXNativeTarget;
			buildConfigurationList = 7555FFA5242A565B00829871 /* Build configuration list for PBXNativeTarget "CoffeeBeenIOS" */;
			buildPhases = (
				14EED7C259C7D5F00CC5E85D /* [CP] Check Pods Manifest.lock */,
				7555FF77242A565900829871 /* Sources */,
				7555FF79242A565900829871 /* Resources */,
				6012BED6D5E0119772E32379 /* Frameworks */,
			);
			buildRules = (
			);
			dependencies = (
			);
			name = CoffeeBeenIOS;
			productName = CoffeeBeenIOS;
			productReference = 7555FF7B242A565900829871 /* CoffeeBeenIOS.app */;
			productType = "com.apple.product-type.application";
		};
/* End PBXNativeTarget section */

/* Begin PBXProject section */
		7555FF73242A565900829871 /* Project object */ = {
			isa = PBXProject;
			attributes = {
				LastSwiftUpdateCheck = 1130;
				LastUpgradeCheck = 1130;
				ORGANIZATIONNAME = orgName;
				TargetAttributes = {
					7555FF7A242A565900829871 = {
						CreatedOnToolsVersion = 11.3.1;
					};
				};
			};
			buildConfigurationList = 7555FF76242A565900829871 /* Build configuration list for PBXProject "CoffeeBeenIOS" */;
			compatibilityVersion = "Xcode 9.3";
			developmentRegion = en;
			hasScannedForEncodings = 0;
			knownRegions = (
				en,
				Base,
			);
			mainGroup = 7555FF72242A565900829871;
			productRefGroup = 7555FF7C242A565900829871 /* Products */;
			projectDirPath = "";
			projectRoot = "";
			targets = (
				7555FF7A242A565900829871 /* CoffeeBeenIOS */,
			);
		};
/* End PBXProject section */

/* Begin PBXResourcesBuildPhase section */
		7555FF79242A565900829871 /* Resources */ = {
			isa = PBXResourcesBuildPhase;
			buildActionMask = 2147483647;
			files = (
				058557D9273AAEEB004C7B11 /* Preview Assets.xcassets in Resources */,
				058557BB273AAA24004C7B11 /* Assets.xcassets in Resources */,
			);
			runOnlyForDeploymentPostprocessing = 0;
		};
/* End PBXResourcesBuildPhase section */

/* Begin PBXShellScriptBuildPhase section */
		14EED7C259C7D5F00CC5E85D /* [CP] Check Pods Manifest.lock */ = {
			isa = PBXShellScriptBuildPhase;
			buildActionMask = 2147483647;
			files = (
			);
			inputFileListPaths = (
			);
			inputPaths = (
				"${PODS_PODFILE_DIR_PATH}/Podfile.lock",
				"${PODS_ROOT}/Manifest.lock",
			);
			name = "[CP] Check Pods Manifest.lock";
			outputFileListPaths = (
			);
			outputPaths = (
				"$(DERIVED_FILE_DIR)/Pods-CoffeeBeenIOS-checkManifestLockResult.txt",
			);
			runOnlyForDeploymentPostprocessing = 0;
			shellPath = /bin/sh;
			shellScript = "diff \"${PODS_PODFILE_DIR_PATH}/Podfile.lock\" \"${PODS_ROOT}/Manifest.lock\" > /dev/null\nif [ $? != 0 ] ; then\n    # print error to STDERR\n    echo \"error: The sandbox is not in sync with the Podfile.lock. Run 'pod install' or update your CocoaPods installation.\" >&2\n    exit 1\nfi\n# This output is used by Xcode 'outputs' to avoid re-running this script phase.\necho \"SUCCESS\" > \"${SCRIPT_OUTPUT_FILE_0}\"\n";
			showEnvVarsInLog = 0;
		};
/* End PBXShellScriptBuildPhase section */

/* Begin PBXSourcesBuildPhase section */
		7555FF77242A565900829871 /* Sources */ = {
			isa = PBXSourcesBuildPhase;
			buildActionMask = 2147483647;
			files = (
				6E7BBD6229293EF300652417 /* OTPVerificationScreenView.swift in Sources */,
				6E7BBD5C2929394400652417 /* EmailScreenView.swift in Sources */,
				2152FB042600AC8F00CF470E /* iOSApp.swift in Sources */,
				6E7BBD5529292B9900652417 /* NameScreenView.swift in Sources */,
				6E7BBD6029293D4700652417 /* PasswordTextInputField.swift in Sources */,
				6E2C41322929630E00D0C504 /* EmailScreenViewModel.swift in Sources */,
				6E7BBD5E29293C1100652417 /* PasswordScreenView.swift in Sources */,
				6E7BBD5A2929355900652417 /* TextInputField.swift in Sources */,
				6E2C4139292967FF00D0C504 /* HiddenIfModifier+Extension.swift in Sources */,
				6E2C4136292963CC00D0C504 /* RegistrationModel+Extension.swift in Sources */,
				6E7BBD5829292BC700652417 /* RegistrationHeaderView.swift in Sources */,
			);
			runOnlyForDeploymentPostprocessing = 0;
		};
/* End PBXSourcesBuildPhase section */

/* Begin XCBuildConfiguration section */
		7555FFA3242A565B00829871 /* Debug */ = {
			isa = XCBuildConfiguration;
			buildSettings = {
				ALWAYS_SEARCH_USER_PATHS = NO;
				CLANG_ANALYZER_NONNULL = YES;
				CLANG_ANALYZER_NUMBER_OBJECT_CONVERSION = YES_AGGRESSIVE;
				CLANG_CXX_LANGUAGE_STANDARD = "gnu++14";
				CLANG_CXX_LIBRARY = "libc++";
				CLANG_ENABLE_MODULES = YES;
				CLANG_ENABLE_OBJC_ARC = YES;
				CLANG_ENABLE_OBJC_WEAK = YES;
				CLANG_WARN_BLOCK_CAPTURE_AUTORELEASING = YES;
				CLANG_WARN_BOOL_CONVERSION = YES;
				CLANG_WARN_COMMA = YES;
				CLANG_WARN_CONSTANT_CONVERSION = YES;
				CLANG_WARN_DEPRECATED_OBJC_IMPLEMENTATIONS = YES;
				CLANG_WARN_DIRECT_OBJC_ISA_USAGE = YES_ERROR;
				CLANG_WARN_DOCUMENTATION_COMMENTS = YES;
				CLANG_WARN_EMPTY_BODY = YES;
				CLANG_WARN_ENUM_CONVERSION = YES;
				CLANG_WARN_INFINITE_RECURSION = YES;
				CLANG_WARN_INT_CONVERSION = YES;
				CLANG_WARN_NON_LITERAL_NULL_CONVERSION = YES;
				CLANG_WARN_OBJC_IMPLICIT_RETAIN_SELF = YES;
				CLANG_WARN_OBJC_LITERAL_CONVERSION = YES;
				CLANG_WARN_OBJC_ROOT_CLASS = YES_ERROR;
				CLANG_WARN_QUOTED_INCLUDE_IN_FRAMEWORK_HEADER = YES;
				CLANG_WARN_RANGE_LOOP_ANALYSIS = YES;
				CLANG_WARN_STRICT_PROTOTYPES = YES;
				CLANG_WARN_SUSPICIOUS_MOVE = YES;
				CLANG_WARN_UNGUARDED_AVAILABILITY = YES_AGGRESSIVE;
				CLANG_WARN_UNREACHABLE_CODE = YES;
				CLANG_WARN__DUPLICATE_METHOD_MATCH = YES;
				COPY_PHASE_STRIP = NO;
				DEBUG_INFORMATION_FORMAT = "dwarf-with-dsym";
				ENABLE_STRICT_OBJC_MSGSEND = YES;
				ENABLE_TESTABILITY = YES;
				GCC_C_LANGUAGE_STANDARD = gnu11;
				GCC_DYNAMIC_NO_PIC = NO;
				GCC_NO_COMMON_BLOCKS = YES;
				GCC_OPTIMIZATION_LEVEL = 0;
				GCC_PREPROCESSOR_DEFINITIONS = (
					"DEBUG=1",
					"$(inherited)",
				);
				GCC_WARN_64_TO_32_BIT_CONVERSION = YES;
				GCC_WARN_ABOUT_RETURN_TYPE = YES_ERROR;
				GCC_WARN_UNDECLARED_SELECTOR = YES;
				GCC_WARN_UNINITIALIZED_AUTOS = YES_AGGRESSIVE;
				GCC_WARN_UNUSED_FUNCTION = YES;
				GCC_WARN_UNUSED_VARIABLE = YES;
				IPHONEOS_DEPLOYMENT_TARGET = 14.1;
				MTL_ENABLE_DEBUG_INFO = INCLUDE_SOURCE;
				MTL_FAST_MATH = YES;
				ONLY_ACTIVE_ARCH = YES;
				SDKROOT = iphoneos;
				SWIFT_ACTIVE_COMPILATION_CONDITIONS = DEBUG;
				SWIFT_OPTIMIZATION_LEVEL = "-Onone";
			};
			name = Debug;
		};
		7555FFA4242A565B00829871 /* Release */ = {
			isa = XCBuildConfiguration;
			buildSettings = {
				ALWAYS_SEARCH_USER_PATHS = NO;
				CLANG_ANALYZER_NONNULL = YES;
				CLANG_ANALYZER_NUMBER_OBJECT_CONVERSION = YES_AGGRESSIVE;
				CLANG_CXX_LANGUAGE_STANDARD = "gnu++14";
				CLANG_CXX_LIBRARY = "libc++";
				CLANG_ENABLE_MODULES = YES;
				CLANG_ENABLE_OBJC_ARC = YES;
				CLANG_ENABLE_OBJC_WEAK = YES;
				CLANG_WARN_BLOCK_CAPTURE_AUTORELEASING = YES;
				CLANG_WARN_BOOL_CONVERSION = YES;
				CLANG_WARN_COMMA = YES;
				CLANG_WARN_CONSTANT_CONVERSION = YES;
				CLANG_WARN_DEPRECATED_OBJC_IMPLEMENTATIONS = YES;
				CLANG_WARN_DIRECT_OBJC_ISA_USAGE = YES_ERROR;
				CLANG_WARN_DOCUMENTATION_COMMENTS = YES;
				CLANG_WARN_EMPTY_BODY = YES;
				CLANG_WARN_ENUM_CONVERSION = YES;
				CLANG_WARN_INFINITE_RECURSION = YES;
				CLANG_WARN_INT_CONVERSION = YES;
				CLANG_WARN_NON_LITERAL_NULL_CONVERSION = YES;
				CLANG_WARN_OBJC_IMPLICIT_RETAIN_SELF = YES;
				CLANG_WARN_OBJC_LITERAL_CONVERSION = YES;
				CLANG_WARN_OBJC_ROOT_CLASS = YES_ERROR;
				CLANG_WARN_QUOTED_INCLUDE_IN_FRAMEWORK_HEADER = YES;
				CLANG_WARN_RANGE_LOOP_ANALYSIS = YES;
				CLANG_WARN_STRICT_PROTOTYPES = YES;
				CLANG_WARN_SUSPICIOUS_MOVE = YES;
				CLANG_WARN_UNGUARDED_AVAILABILITY = YES_AGGRESSIVE;
				CLANG_WARN_UNREACHABLE_CODE = YES;
				CLANG_WARN__DUPLICATE_METHOD_MATCH = YES;
				COPY_PHASE_STRIP = NO;
				DEBUG_INFORMATION_FORMAT = "dwarf-with-dsym";
				ENABLE_NS_ASSERTIONS = NO;
				ENABLE_STRICT_OBJC_MSGSEND = YES;
				GCC_C_LANGUAGE_STANDARD = gnu11;
				GCC_NO_COMMON_BLOCKS = YES;
				GCC_WARN_64_TO_32_BIT_CONVERSION = YES;
				GCC_WARN_ABOUT_RETURN_TYPE = YES_ERROR;
				GCC_WARN_UNDECLARED_SELECTOR = YES;
				GCC_WARN_UNINITIALIZED_AUTOS = YES_AGGRESSIVE;
				GCC_WARN_UNUSED_FUNCTION = YES;
				GCC_WARN_UNUSED_VARIABLE = YES;
				IPHONEOS_DEPLOYMENT_TARGET = 14.1;
				MTL_ENABLE_DEBUG_INFO = NO;
				MTL_FAST_MATH = YES;
				SDKROOT = iphoneos;
				SWIFT_COMPILATION_MODE = wholemodule;
				SWIFT_OPTIMIZATION_LEVEL = "-O";
				VALIDATE_PRODUCT = YES;
			};
			name = Release;
		};
		7555FFA6242A565B00829871 /* Debug */ = {
			isa = XCBuildConfiguration;
			baseConfigurationReference = 5A5D1451F1DC14B14072654A /* Pods-CoffeeBeenIOS.debug.xcconfig */;
			buildSettings = {
				ASSETCATALOG_COMPILER_APPICON_NAME = AppIcon;
				CODE_SIGN_STYLE = Automatic;
				DEVELOPMENT_ASSET_PATHS = "\"CoffeeBeenIOS/Preview Content\"";
				ENABLE_PREVIEWS = YES;
				INFOPLIST_FILE = CoffeeBeenIOS/Info.plist;
				LD_RUNPATH_SEARCH_PATHS = (
					"$(inherited)",
					"@executable_path/Frameworks",
				);
				PRODUCT_BUNDLE_IDENTIFIER = orgIdentifier.CoffeeBeenIOS;
				PRODUCT_NAME = "$(TARGET_NAME)";
				SWIFT_VERSION = 5.0;
				TARGETED_DEVICE_FAMILY = "1,2";
			};
			name = Debug;
		};
		7555FFA7242A565B00829871 /* Release */ = {
			isa = XCBuildConfiguration;
			baseConfigurationReference = 67CB153969AD061B2D66F2A4 /* Pods-CoffeeBeenIOS.release.xcconfig */;
			buildSettings = {
				ASSETCATALOG_COMPILER_APPICON_NAME = AppIcon;
				CODE_SIGN_STYLE = Automatic;
				DEVELOPMENT_ASSET_PATHS = "\"CoffeeBeenIOS/Preview Content\"";
				ENABLE_PREVIEWS = YES;
				INFOPLIST_FILE = CoffeeBeenIOS/Info.plist;
				LD_RUNPATH_SEARCH_PATHS = (
					"$(inherited)",
					"@executable_path/Frameworks",
				);
				PRODUCT_BUNDLE_IDENTIFIER = orgIdentifier.CoffeeBeenIOS;
				PRODUCT_NAME = "$(TARGET_NAME)";
				SWIFT_VERSION = 5.0;
				TARGETED_DEVICE_FAMILY = "1,2";
			};
			name = Release;
		};
/* End XCBuildConfiguration section */

/* Begin XCConfigurationList section */
		7555FF76242A565900829871 /* Build configuration list for PBXProject "CoffeeBeenIOS" */ = {
			isa = XCConfigurationList;
			buildConfigurations = (
				7555FFA3242A565B00829871 /* Debug */,
				7555FFA4242A565B00829871 /* Release */,
			);
			defaultConfigurationIsVisible = 0;
			defaultConfigurationName = Release;
		};
		7555FFA5242A565B00829871 /* Build configuration list for PBXNativeTarget "CoffeeBeenIOS" */ = {
			isa = XCConfigurationList;
			buildConfigurations = (
				7555FFA6242A565B00829871 /* Debug */,
				7555FFA7242A565B00829871 /* Release */,
			);
			defaultConfigurationIsVisible = 0;
			defaultConfigurationName = Release;
		};
/* End XCConfigurationList section */
	};
	rootObject = 7555FF73242A565900829871 /* Project object */;
}
