PODS:
  - CommonDomain (1.0)

DEPENDENCIES:
  - CommonDomain (from `../mobile-common/common-container`)

EXTERNAL SOURCES:
  CommonDomain:
    :path: "../mobile-common/common-container"

SPEC CHECKSUMS:
  CommonDomain: 056d7a2ad547dfed16acf339adc53bcd8352b4ec

PODFILE CHECKSUM: 8d6724d4d6e4091171233a55db41b76fa049a099

COCOAPODS: 1.11.3
